// !$*UTF8*$!
{
	archiveVersion = 1;
	classes = {
	};
	objectVersion = 46;
	objects = {

/* Begin PBXBuildFile section */
		929C766F1E8044CC0045512D /* AppDelegate.swift in Sources */ = {isa = PBXBuildFile; fileRef = 929C766E1E8044CC0045512D /* AppDelegate.swift */; };
		929C76711E8044CC0045512D /* ViewController.swift in Sources */ = {isa = PBXBuildFile; fileRef = 929C76701E8044CC0045512D /* ViewController.swift */; };
		929C76741E8044CC0045512D /* Main.storyboard in Resources */ = {isa = PBXBuildFile; fileRef = 929C76721E8044CC0045512D /* Main.storyboard */; };
		929C76761E8044CC0045512D /* Assets.xcassets in Resources */ = {isa = PBXBuildFile; fileRef = 929C76751E8044CC0045512D /* Assets.xcassets */; };
		929C76791E8044CC0045512D /* LaunchScreen.storyboard in Resources */ = {isa = PBXBuildFile; fileRef = 929C76771E8044CC0045512D /* LaunchScreen.storyboard */; };
		929C76811E8045020045512D /* VisualTimer.swift in Sources */ = {isa = PBXBuildFile; fileRef = 929C76801E8045020045512D /* VisualTimer.swift */; };
		929C76831E80B3F20045512D /* VisualTimerDelegate.swift in Sources */ = {isa = PBXBuildFile; fileRef = 929C76821E80B3F20045512D /* VisualTimerDelegate.swift */; };
		929C76851E80B9D50045512D /* VisualTimerTrackLayer.swift in Sources */ = {isa = PBXBuildFile; fileRef = 929C76841E80B9D50045512D /* VisualTimerTrackLayer.swift */; };
		92E55DE11E818B0A004666B2 /* VisualTimerIndicatorLayer.swift in Sources */ = {isa = PBXBuildFile; fileRef = 92E55DE01E818B0A004666B2 /* VisualTimerIndicatorLayer.swift */; };
/* End PBXBuildFile section */

/* Begin PBXFileReference section */
		929C766B1E8044CC0045512D /* VisualTimer.app */ = {isa = PBXFileReference; explicitFileType = wrapper.application; includeInIndex = 0; path = VisualTimer.app; sourceTree = BUILT_PRODUCTS_DIR; };
		929C766E1E8044CC0045512D /* AppDelegate.swift */ = {isa = PBXFileReference; lastKnownFileType = sourcecode.swift; path = AppDelegate.swift; sourceTree = "<group>"; };
		929C76701E8044CC0045512D /* ViewController.swift */ = {isa = PBXFileReference; lastKnownFileType = sourcecode.swift; path = ViewController.swift; sourceTree = "<group>"; };
		929C76731E8044CC0045512D /* Base */ = {isa = PBXFileReference; lastKnownFileType = file.storyboard; name = Base; path = Base.lproj/Main.storyboard; sourceTree = "<group>"; };
		929C76751E8044CC0045512D /* Assets.xcassets */ = {isa = PBXFileReference; lastKnownFileType = folder.assetcatalog; path = Assets.xcassets; sourceTree = "<group>"; };
		929C76781E8044CC0045512D /* Base */ = {isa = PBXFileReference; lastKnownFileType = file.storyboard; name = Base; path = Base.lproj/LaunchScreen.storyboard; sourceTree = "<group>"; };
		929C767A1E8044CC0045512D /* Info.plist */ = {isa = PBXFileReference; lastKnownFileType = text.plist.xml; path = Info.plist; sourceTree = "<group>"; };
		929C76801E8045020045512D /* VisualTimer.swift */ = {isa = PBXFileReference; fileEncoding = 4; lastKnownFileType = sourcecode.swift; path = VisualTimer.swift; sourceTree = "<group>"; };
		929C76821E80B3F20045512D /* VisualTimerDelegate.swift */ = {isa = PBXFileReference; fileEncoding = 4; lastKnownFileType = sourcecode.swift; path = VisualTimerDelegate.swift; sourceTree = "<group>"; };
		929C76841E80B9D50045512D /* VisualTimerTrackLayer.swift */ = {isa = PBXFileReference; fileEncoding = 4; lastKnownFileType = sourcecode.swift; path = VisualTimerTrackLayer.swift; sourceTree = "<group>"; };
		92E55DE01E818B0A004666B2 /* VisualTimerIndicatorLayer.swift */ = {isa = PBXFileReference; fileEncoding = 4; lastKnownFileType = sourcecode.swift; path = VisualTimerIndicatorLayer.swift; sourceTree = "<group>"; };
/* End PBXFileReference section */

/* Begin PBXFrameworksBuildPhase section */
		929C76681E8044CC0045512D /* Frameworks */ = {
			isa = PBXFrameworksBuildPhase;
			buildActionMask = 2147483647;
			files = (
			);
			runOnlyForDeploymentPostprocessing = 0;
		};
/* End PBXFrameworksBuildPhase section */

/* Begin PBXGroup section */
		929C76621E8044CC0045512D = {
			isa = PBXGroup;
			children = (
				929C766D1E8044CC0045512D /* VisualTimer */,
				929C766C1E8044CC0045512D /* Products */,
			);
			sourceTree = "<group>";
		};
		929C766C1E8044CC0045512D /* Products */ = {
			isa = PBXGroup;
			children = (
				929C766B1E8044CC0045512D /* VisualTimer.app */,
			);
			name = Products;
			sourceTree = "<group>";
		};
		929C766D1E8044CC0045512D /* VisualTimer */ = {
			isa = PBXGroup;
			children = (
				929C766E1E8044CC0045512D /* AppDelegate.swift */,
				929C76701E8044CC0045512D /* ViewController.swift */,
				929C76801E8045020045512D /* VisualTimer.swift */,
				929C76841E80B9D50045512D /* VisualTimerTrackLayer.swift */,
				92E55DE01E818B0A004666B2 /* VisualTimerIndicatorLayer.swift */,
				929C76821E80B3F20045512D /* VisualTimerDelegate.swift */,
				929C76721E8044CC0045512D /* Main.storyboard */,
				929C76751E8044CC0045512D /* Assets.xcassets */,
				929C76771E8044CC0045512D /* LaunchScreen.storyboard */,
				929C767A1E8044CC0045512D /* Info.plist */,
			);
			path = VisualTimer;
			sourceTree = "<group>";
		};
/* End PBXGroup section */

/* Begin PBXNativeTarget section */
		929C766A1E8044CC0045512D /* VisualTimer */ = {
			isa = PBXNativeTarget;
			buildConfigurationList = 929C767D1E8044CC0045512D /* Build configuration list for PBXNativeTarget "VisualTimer" */;
			buildPhases = (
				929C76671E8044CC0045512D /* Sources */,
				929C76681E8044CC0045512D /* Frameworks */,
				929C76691E8044CC0045512D /* Resources */,
			);
			buildRules = (
			);
			dependencies = (
			);
			name = VisualTimer;
			productName = VisualTimer;
			productReference = 929C766B1E8044CC0045512D /* VisualTimer.app */;
			productType = "com.apple.product-type.application";
		};
/* End PBXNativeTarget section */

/* Begin PBXProject section */
		929C76631E8044CC0045512D /* Project object */ = {
			isa = PBXProject;
			attributes = {
				LastSwiftUpdateCheck = 0810;
				LastUpgradeCheck = 0810;
				ORGANIZATIONNAME = "Zach Strenfel";
				TargetAttributes = {
					929C766A1E8044CC0045512D = {
						CreatedOnToolsVersion = 8.1;
						ProvisioningStyle = Automatic;
					};
				};
			};
			buildConfigurationList = 929C76661E8044CC0045512D /* Build configuration list for PBXProject "VisualTimer" */;
			compatibilityVersion = "Xcode 3.2";
			developmentRegion = English;
			hasScannedForEncodings = 0;
			knownRegions = (
				en,
				Base,
			);
			mainGroup = 929C76621E8044CC0045512D;
			productRefGroup = 929C766C1E8044CC0045512D /* Products */;
			projectDirPath = "";
			projectRoot = "";
			targets = (
				929C766A1E8044CC0045512D /* VisualTimer */,
			);
		};
/* End PBXProject section */

/* Begin PBXResourcesBuildPhase section */
		929C76691E8044CC0045512D /* Resources */ = {
			isa = PBXResourcesBuildPhase;
			buildActionMask = 2147483647;
			files = (
				929C76791E8044CC0045512D /* LaunchScreen.storyboard in Resources */,
				929C76761E8044CC0045512D /* Assets.xcassets in Resources */,
				929C76741E8044CC0045512D /* Main.storyboard in Resources */,
			);
			runOnlyForDeploymentPostprocessing = 0;
		};
/* End PBXResourcesBuildPhase section */

/* Begin PBXSourcesBuildPhase section */
		929C76671E8044CC0045512D /* Sources */ = {
			isa = PBXSourcesBuildPhase;
			buildActionMask = 2147483647;
			files = (
				929C76831E80B3F20045512D /* VisualTimerDelegate.swift in Sources */,
				92E55DE11E818B0A004666B2 /* VisualTimerIndicatorLayer.swift in Sources */,
				929C76711E8044CC0045512D /* ViewController.swift in Sources */,
				929C76851E80B9D50045512D /* VisualTimerTrackLayer.swift in Sources */,
				929C76811E8045020045512D /* VisualTimer.swift in Sources */,
				929C766F1E8044CC0045512D /* AppDelegate.swift in Sources */,
			);
			runOnlyForDeploymentPostprocessing = 0;
		};
/* End PBXSourcesBuildPhase section */

/* Begin PBXVariantGroup section */
		929C76721E8044CC0045512D /* Main.storyboard */ = {
			isa = PBXVariantGroup;
			children = (
				929C76731E8044CC0045512D /* Base */,
			);
			name = Main.storyboard;
			sourceTree = "<group>";
		};
		929C76771E8044CC0045512D /* LaunchScreen.storyboard */ = {
			isa = PBXVariantGroup;
			children = (
				929C76781E8044CC0045512D /* Base */,
			);
			name = LaunchScreen.storyboard;
			sourceTree = "<group>";
		};
/* End PBXVariantGroup section */

/* Begin XCBuildConfiguration section */
		929C767B1E8044CC0045512D /* Debug */ = {
			isa = XCBuildConfiguration;
			buildSettings = {
				ALWAYS_SEARCH_USER_PATHS = NO;
				CLANG_ANALYZER_NONNULL = YES;
				CLANG_CXX_LANGUAGE_STANDARD = "gnu++0x";
				CLANG_CXX_LIBRARY = "libc++";
				CLANG_ENABLE_MODULES = YES;
				CLANG_ENABLE_OBJC_ARC = YES;
				CLANG_WARN_BOOL_CONVERSION = YES;
				CLANG_WARN_CONSTANT_CONVERSION = YES;
				CLANG_WARN_DIRECT_OBJC_ISA_USAGE = YES_ERROR;
				CLANG_WARN_DOCUMENTATION_COMMENTS = YES;
				CLANG_WARN_EMPTY_BODY = YES;
				CLANG_WARN_ENUM_CONVERSION = YES;
				CLANG_WARN_INFINITE_RECURSION = YES;
				CLANG_WARN_INT_CONVERSION = YES;
				CLANG_WARN_OBJC_ROOT_CLASS = YES_ERROR;
				CLANG_WARN_SUSPICIOUS_MOVES = YES;
				CLANG_WARN_UNREACHABLE_CODE = YES;
				CLANG_WARN__DUPLICATE_METHOD_MATCH = YES;
				"CODE_SIGN_IDENTITY[sdk=iphoneos*]" = "iPhone Developer";
				COPY_PHASE_STRIP = NO;
				DEBUG_INFORMATION_FORMAT = dwarf;
				ENABLE_STRICT_OBJC_MSGSEND = YES;
				ENABLE_TESTABILITY = YES;
				GCC_C_LANGUAGE_STANDARD = gnu99;
				GCC_DYNAMIC_NO_PIC = NO;
				GCC_NO_COMMON_BLOCKS = YES;
				GCC_OPTIMIZATION_LEVEL = 0;
				GCC_PREPROCESSOR_DEFINITIONS = (
					"DEBUG=1",
					"$(inherited)",
				);
				GCC_WARN_64_TO_32_BIT_CONVERSION = YES;
				GCC_WARN_ABOUT_RETURN_TYPE = YES_ERROR;
				GCC_WARN_UNDECLARED_SELECTOR = YES;
				GCC_WARN_UNINITIALIZED_AUTOS = YES_AGGRESSIVE;
				GCC_WARN_UNUSED_FUNCTION = YES;
				GCC_WARN_UNUSED_VARIABLE = YES;
				IPHONEOS_DEPLOYMENT_TARGET = 10.1;
				MTL_ENABLE_DEBUG_INFO = YES;
				ONLY_ACTIVE_ARCH = YES;
				SDKROOT = iphoneos;
				SWIFT_ACTIVE_COMPILATION_CONDITIONS = DEBUG;
				SWIFT_OPTIMIZATION_LEVEL = "-Onone";
				TARGETED_DEVICE_FAMILY = "1,2";
			};
			name = Debug;
		};
		929C767C1E8044CC0045512D /* Release */ = {
			isa = XCBuildConfiguration;
			buildSettings = {
				ALWAYS_SEARCH_USER_PATHS = NO;
				CLANG_ANALYZER_NONNULL = YES;
				CLANG_CXX_LANGUAGE_STANDARD = "gnu++0x";
				CLANG_CXX_LIBRARY = "libc++";
				CLANG_ENABLE_MODULES = YES;
				CLANG_ENABLE_OBJC_ARC = YES;
				CLANG_WARN_BOOL_CONVERSION = YES;
				CLANG_WARN_CONSTANT_CONVERSION = YES;
				CLANG_WARN_DIRECT_OBJC_ISA_USAGE = YES_ERROR;
				CLANG_WARN_DOCUMENTATION_COMMENTS = YES;
				CLANG_WARN_EMPTY_BODY = YES;
				CLANG_WARN_ENUM_CONVERSION = YES;
				CLANG_WARN_INFINITE_RECURSION = YES;
				CLANG_WARN_INT_CONVERSION = YES;
				CLANG_WARN_OBJC_ROOT_CLASS = YES_ERROR;
				CLANG_WARN_SUSPICIOUS_MOVES = YES;
				CLANG_WARN_UNREACHABLE_CODE = YES;
				CLANG_WARN__DUPLICATE_METHOD_MATCH = YES;
				"CODE_SIGN_IDENTITY[sdk=iphoneos*]" = "iPhone Developer";
				COPY_PHASE_STRIP = NO;
				DEBUG_INFORMATION_FORMAT = "dwarf-with-dsym";
				ENABLE_NS_ASSERTIONS = NO;
				ENABLE_STRICT_OBJC_MSGSEND = YES;
				GCC_C_LANGUAGE_STANDARD = gnu99;
				GCC_NO_COMMON_BLOCKS = YES;
				GCC_WARN_64_TO_32_BIT_CONVERSION = YES;
				GCC_WARN_ABOUT_RETURN_TYPE = YES_ERROR;
				GCC_WARN_UNDECLARED_SELECTOR = YES;
				GCC_WARN_UNINITIALIZED_AUTOS = YES_AGGRESSIVE;
				GCC_WARN_UNUSED_FUNCTION = YES;
				GCC_WARN_UNUSED_VARIABLE = YES;
				IPHONEOS_DEPLOYMENT_TARGET = 10.1;
				MTL_ENABLE_DEBUG_INFO = NO;
				SDKROOT = iphoneos;
				SWIFT_OPTIMIZATION_LEVEL = "-Owholemodule";
				TARGETED_DEVICE_FAMILY = "1,2";
				VALIDATE_PRODUCT = YES;
			};
			name = Release;
		};
		929C767E1E8044CC0045512D /* Debug */ = {
			isa = XCBuildConfiguration;
			buildSettings = {
				ASSETCATALOG_COMPILER_APPICON_NAME = AppIcon;
				INFOPLIST_FILE = VisualTimer/Info.plist;
				LD_RUNPATH_SEARCH_PATHS = "$(inherited) @executable_path/Frameworks";
				PRODUCT_BUNDLE_IDENTIFIER = Dack.VisualTimer;
				PRODUCT_NAME = "$(TARGET_NAME)";
				SWIFT_VERSION = 3.0;
			};
			name = Debug;
		};
		929C767F1E8044CC0045512D /* Release */ = {
			isa = XCBuildConfiguration;
			buildSettings = {
				ASSETCATALOG_COMPILER_APPICON_NAME = AppIcon;
				INFOPLIST_FILE = VisualTimer/Info.plist;
				LD_RUNPATH_SEARCH_PATHS = "$(inherited) @executable_path/Frameworks";
				PRODUCT_BUNDLE_IDENTIFIER = Dack.VisualTimer;
				PRODUCT_NAME = "$(TARGET_NAME)";
				SWIFT_VERSION = 3.0;
			};
			name = Release;
		};
/* End XCBuildConfiguration section */

/* Begin XCConfigurationList section */
		929C76661E8044CC0045512D /* Build configuration list for PBXProject "VisualTimer" */ = {
			isa = XCConfigurationList;
			buildConfigurations = (
				929C767B1E8044CC0045512D /* Debug */,
				929C767C1E8044CC0045512D /* Release */,
			);
			defaultConfigurationIsVisible = 0;
			defaultConfigurationName = Release;
		};
		929C767D1E8044CC0045512D /* Build configuration list for PBXNativeTarget "VisualTimer" */ = {
			isa = XCConfigurationList;
			buildConfigurations = (
				929C767E1E8044CC0045512D /* Debug */,
				929C767F1E8044CC0045512D /* Release */,
			);
			defaultConfigurationIsVisible = 0;
			defaultConfigurationName = Release;
		};
/* End XCConfigurationList section */
	};
	rootObject = 929C76631E8044CC0045512D /* Project object */;
}
